{
  "name": "rhizomoda.github.io",
  "lockfileVersion": 2,
  "requires": true,
  "packages": {
    "": {
      "dependencies": {
        "ace-builds": "^1.17.0"
      }
    },
    "node_modules/ace-builds": {
      "version": "1.17.0",
      "resolved": "https://registry.npmjs.org/ace-builds/-/ace-builds-1.17.0.tgz",
      "integrity": "sha512-pu5Rc7Y2Q7WEa8QQvMODxUEJX7GmGko/I8sKkv2lrMvMnHr6hZIIL1NX+Lxc6y3PLRsBJLgi+XTO+4SJItuZpg=="
    }
  },
  "dependencies": {
    "ace-builds": {
      "version": "1.17.0",
      "resolved": "https://registry.npmjs.org/ace-builds/-/ace-builds-1.17.0.tgz",
      "integrity": "sha512-pu5Rc7Y2Q7WEa8QQvMODxUEJX7GmGko/I8sKkv2lrMvMnHr6hZIIL1NX+Lxc6y3PLRsBJLgi+XTO+4SJItuZpg=="
    }
  }
}
